Microsoft Visual Studio Solution File, Format Version 12.00
# Visual Studio 15
VisualStudioVersion = 15.0.27130.2010
MinimumVisualStudioVersion = 10.0.40219.1
Project("{9A19103F-16F7-4668-BE54-9A1E7A4F7556}") = "IMOMaritimeSingleWindow", "IMOMaritimeSingleWindow\Server\IMOMaritimeSingleWindow.csproj", "{11094212-BC07-4DEC-B617-CE18FD0ED321}"
EndProject
Project("{9A19103F-16F7-4668-BE54-9A1E7A4F7556}") = "IMOMaritimeSingleWindow.Tests", "IMOMaritimeSingleWindow.Tests\IMOMaritimeSingleWindow.Tests.csproj", "{EFCB4677-63C2-4DE5-AD17-9C5F3FBD04A7}"
EndProject
Global
	GlobalSection(SolutionConfigurationPlatforms) = preSolution
		Debug|Any CPU = Debug|Any CPU
		Debug|x64 = Debug|x64
		Debug|x86 = Debug|x86
		Release|Any CPU = Release|Any CPU
		Release|x64 = Release|x64
		Release|x86 = Release|x86
	EndGlobalSection
	GlobalSection(ProjectConfigurationPlatforms) = postSolution
		{11094212-BC07-4DEC-B617-CE18FD0ED321}.Debug|Any CPU.ActiveCfg = Debug|Any CPU
		{11094212-BC07-4DEC-B617-CE18FD0ED321}.Debug|Any CPU.Build.0 = Debug|Any CPU
		{11094212-BC07-4DEC-B617-CE18FD0ED321}.Debug|x64.ActiveCfg = Debug|Any CPU
		{11094212-BC07-4DEC-B617-CE18FD0ED321}.Debug|x64.Build.0 = Debug|Any CPU
		{11094212-BC07-4DEC-B617-CE18FD0ED321}.Debug|x86.ActiveCfg = Debug|Any CPU
		{11094212-BC07-4DEC-B617-CE18FD0ED321}.Debug|x86.Build.0 = Debug|Any CPU
		{11094212-BC07-4DEC-B617-CE18FD0ED321}.Release|Any CPU.ActiveCfg = Release|Any CPU
		{11094212-BC07-4DEC-B617-CE18FD0ED321}.Release|Any CPU.Build.0 = Release|Any CPU
		{11094212-BC07-4DEC-B617-CE18FD0ED321}.Release|x64.ActiveCfg = Release|Any CPU
		{11094212-BC07-4DEC-B617-CE18FD0ED321}.Release|x64.Build.0 = Release|Any CPU
		{11094212-BC07-4DEC-B617-CE18FD0ED321}.Release|x86.ActiveCfg = Release|Any CPU
		{11094212-BC07-4DEC-B617-CE18FD0ED321}.Release|x86.Build.0 = Release|Any CPU
		{EFCB4677-63C2-4DE5-AD17-9C5F3FBD04A7}.Debug|Any CPU.ActiveCfg = Debug|Any CPU
		{EFCB4677-63C2-4DE5-AD17-9C5F3FBD04A7}.Debug|Any CPU.Build.0 = Debug|Any CPU
		{EFCB4677-63C2-4DE5-AD17-9C5F3FBD04A7}.Debug|x64.ActiveCfg = Debug|Any CPU
		{EFCB4677-63C2-4DE5-AD17-9C5F3FBD04A7}.Debug|x64.Build.0 = Debug|Any CPU
		{EFCB4677-63C2-4DE5-AD17-9C5F3FBD04A7}.Debug|x86.ActiveCfg = Debug|Any CPU
		{EFCB4677-63C2-4DE5-AD17-9C5F3FBD04A7}.Debug|x86.Build.0 = Debug|Any CPU
		{EFCB4677-63C2-4DE5-AD17-9C5F3FBD04A7}.Release|Any CPU.ActiveCfg = Release|Any CPU
		{EFCB4677-63C2-4DE5-AD17-9C5F3FBD04A7}.Release|Any CPU.Build.0 = Release|Any CPU
		{EFCB4677-63C2-4DE5-AD17-9C5F3FBD04A7}.Release|x64.ActiveCfg = Release|Any CPU
		{EFCB4677-63C2-4DE5-AD17-9C5F3FBD04A7}.Release|x64.Build.0 = Release|Any CPU
		{EFCB4677-63C2-4DE5-AD17-9C5F3FBD04A7}.Release|x86.ActiveCfg = Release|Any CPU
		{EFCB4677-63C2-4DE5-AD17-9C5F3FBD04A7}.Release|x86.Build.0 = Release|Any CPU
	EndGlobalSection
	GlobalSection(SolutionProperties) = preSolution
		HideSolutionNode = FALSE
	EndGlobalSection
	GlobalSection(ExtensibilityGlobals) = postSolution
		SolutionGuid = {8C57743A-1436-49E9-BA84-4E2672D192A1}
	EndGlobalSection
EndGlobal
