
Microsoft Visual Studio Solution File, Format Version 12.00
# Visual Studio 15
VisualStudioVersion = 15.0.27130.2027
MinimumVisualStudioVersion = 10.0.40219.1
Project("{9A19103F-16F7-4668-BE54-9A1E7A4F7556}") = "IMOMaritimeSingleWindow", "IMOMaritimeSingleWindow\IMOMaritimeSingleWindow.csproj", "{11094212-BC07-4DEC-B617-CE18FD0ED321}"
EndProject
Global
	GlobalSection(SolutionConfigurationPlatforms) = preSolution
		Debug|Any CPU = Debug|Any CPU
		Release|Any CPU = Release|Any CPU
	EndGlobalSection
	GlobalSection(ProjectConfigurationPlatforms) = postSolution
		{11094212-BC07-4DEC-B617-CE18FD0ED321}.Debug|Any CPU.ActiveCfg = Debug|Any CPU
		{11094212-BC07-4DEC-B617-CE18FD0ED321}.Debug|Any CPU.Build.0 = Debug|Any CPU
		{11094212-BC07-4DEC-B617-CE18FD0ED321}.Release|Any CPU.ActiveCfg = Release|Any CPU
		{11094212-BC07-4DEC-B617-CE18FD0ED321}.Release|Any CPU.Build.0 = Release|Any CPU
	EndGlobalSection
	GlobalSection(SolutionProperties) = preSolution
		HideSolutionNode = FALSE
	EndGlobalSection
	GlobalSection(ExtensibilityGlobals) = postSolution
		SolutionGuid = {8C57743A-1436-49E9-BA84-4E2672D192A1}
	EndGlobalSection
EndGlobal
